// !$*UTF8*$!
{
	archiveVersion = 1;
	classes = {
	};
	objectVersion = 46;
	objects = {

/* Begin PBXBuildFile section */
		70CBD6C21E6F4E3E00330697 /* AppDelegate.swift in Sources */ = {isa = PBXBuildFile; fileRef = 70CBD6C11E6F4E3E00330697 /* AppDelegate.swift */; };
		70CBD6C41E6F4E3E00330697 /* ViewController.swift in Sources */ = {isa = PBXBuildFile; fileRef = 70CBD6C31E6F4E3E00330697 /* ViewController.swift */; };
		70CBD6C71E6F4E3E00330697 /* Main.storyboard in Resources */ = {isa = PBXBuildFile; fileRef = 70CBD6C51E6F4E3E00330697 /* Main.storyboard */; };
		70CBD6C91E6F4E3E00330697 /* Assets.xcassets in Resources */ = {isa = PBXBuildFile; fileRef = 70CBD6C81E6F4E3E00330697 /* Assets.xcassets */; };
		70CBD6CC1E6F4E3E00330697 /* LaunchScreen.storyboard in Resources */ = {isa = PBXBuildFile; fileRef = 70CBD6CA1E6F4E3E00330697 /* LaunchScreen.storyboard */; };
		70CBD6D71E6F4E3E00330697 /* IOS_FirstAppTests.swift in Sources */ = {isa = PBXBuildFile; fileRef = 70CBD6D61E6F4E3E00330697 /* IOS_FirstAppTests.swift */; };
		70CBD6E21E6F4E3E00330697 /* IOS_FirstAppUITests.swift in Sources */ = {isa = PBXBuildFile; fileRef = 70CBD6E11E6F4E3E00330697 /* IOS_FirstAppUITests.swift */; };
/* End PBXBuildFile section */

/* Begin PBXContainerItemProxy section */
		70CBD6D31E6F4E3E00330697 /* PBXContainerItemProxy */ = {
			isa = PBXContainerItemProxy;
			containerPortal = 70CBD6B61E6F4E3E00330697 /* Project object */;
			proxyType = 1;
			remoteGlobalIDString = 70CBD6BD1E6F4E3E00330697;
			remoteInfo = "IOS-FirstApp";
		};
		70CBD6DE1E6F4E3E00330697 /* PBXContainerItemProxy */ = {
			isa = PBXContainerItemProxy;
			containerPortal = 70CBD6B61E6F4E3E00330697 /* Project object */;
			proxyType = 1;
			remoteGlobalIDString = 70CBD6BD1E6F4E3E00330697;
			remoteInfo = "IOS-FirstApp";
		};
/* End PBXContainerItemProxy section */

/* Begin PBXFileReference section */
		708AB44A1E7208A100134AA8 /* Katas.playground */ = {isa = PBXFileReference; lastKnownFileType = file.playground; path = Katas.playground; sourceTree = "<group>"; };
		70CBD6BE1E6F4E3E00330697 /* IOS-FirstApp.app */ = {isa = PBXFileReference; explicitFileType = wrapper.application; includeInIndex = 0; path = "IOS-FirstApp.app"; sourceTree = BUILT_PRODUCTS_DIR; };
		70CBD6C11E6F4E3E00330697 /* AppDelegate.swift */ = {isa = PBXFileReference; lastKnownFileType = sourcecode.swift; path = AppDelegate.swift; sourceTree = "<group>"; };
		70CBD6C31E6F4E3E00330697 /* ViewController.swift */ = {isa = PBXFileReference; lastKnownFileType = sourcecode.swift; path = ViewController.swift; sourceTree = "<group>"; };
		70CBD6C61E6F4E3E00330697 /* Base */ = {isa = PBXFileReference; lastKnownFileType = file.storyboard; name = Base; path = Base.lproj/Main.storyboard; sourceTree = "<group>"; };
		70CBD6C81E6F4E3E00330697 /* Assets.xcassets */ = {isa = PBXFileReference; lastKnownFileType = folder.assetcatalog; path = Assets.xcassets; sourceTree = "<group>"; };
		70CBD6CB1E6F4E3E00330697 /* Base */ = {isa = PBXFileReference; lastKnownFileType = file.storyboard; name = Base; path = Base.lproj/LaunchScreen.storyboard; sourceTree = "<group>"; };
		70CBD6CD1E6F4E3E00330697 /* Info.plist */ = {isa = PBXFileReference; lastKnownFileType = text.plist.xml; path = Info.plist; sourceTree = "<group>"; };
		70CBD6D21E6F4E3E00330697 /* IOS-FirstAppTests.xctest */ = {isa = PBXFileReference; explicitFileType = wrapper.cfbundle; includeInIndex = 0; path = "IOS-FirstAppTests.xctest"; sourceTree = BUILT_PRODUCTS_DIR; };
		70CBD6D61E6F4E3E00330697 /* IOS_FirstAppTests.swift */ = {isa = PBXFileReference; lastKnownFileType = sourcecode.swift; path = IOS_FirstAppTests.swift; sourceTree = "<group>"; };
		70CBD6D81E6F4E3E00330697 /* Info.plist */ = {isa = PBXFileReference; lastKnownFileType = text.plist.xml; path = Info.plist; sourceTree = "<group>"; };
		70CBD6DD1E6F4E3E00330697 /* IOS-FirstAppUITests.xctest */ = {isa = PBXFileReference; explicitFileType = wrapper.cfbundle; includeInIndex = 0; path = "IOS-FirstAppUITests.xctest"; sourceTree = BUILT_PRODUCTS_DIR; };
		70CBD6E11E6F4E3E00330697 /* IOS_FirstAppUITests.swift */ = {isa = PBXFileReference; lastKnownFileType = sourcecode.swift; path = IOS_FirstAppUITests.swift; sourceTree = "<group>"; };
		70CBD6E31E6F4E3E00330697 /* Info.plist */ = {isa = PBXFileReference; lastKnownFileType = text.plist.xml; path = Info.plist; sourceTree = "<group>"; };
		70CBD6EF1E6F561400330697 /* AppeGuidedTour.playground */ = {isa = PBXFileReference; lastKnownFileType = file.playground; path = AppeGuidedTour.playground; sourceTree = "<group>"; };
/* End PBXFileReference section */

/* Begin PBXFrameworksBuildPhase section */
		70CBD6BB1E6F4E3E00330697 /* Frameworks */ = {
			isa = PBXFrameworksBuildPhase;
			buildActionMask = 2147483647;
			files = (
			);
			runOnlyForDeploymentPostprocessing = 0;
		};
		70CBD6CF1E6F4E3E00330697 /* Frameworks */ = {
			isa = PBXFrameworksBuildPhase;
			buildActionMask = 2147483647;
			files = (
			);
			runOnlyForDeploymentPostprocessing = 0;
		};
		70CBD6DA1E6F4E3E00330697 /* Frameworks */ = {
			isa = PBXFrameworksBuildPhase;
			buildActionMask = 2147483647;
			files = (
			);
			runOnlyForDeploymentPostprocessing = 0;
		};
/* End PBXFrameworksBuildPhase section */

/* Begin PBXGroup section */
		70CBD6B51E6F4E3E00330697 = {
			isa = PBXGroup;
			children = (
				70CBD6C01E6F4E3E00330697 /* IOS-FirstApp */,
				70CBD6D51E6F4E3E00330697 /* IOS-FirstAppTests */,
				70CBD6E01E6F4E3E00330697 /* IOS-FirstAppUITests */,
				70CBD6BF1E6F4E3E00330697 /* Products */,
			);
			sourceTree = "<group>";
		};
		70CBD6BF1E6F4E3E00330697 /* Products */ = {
			isa = PBXGroup;
			children = (
				70CBD6BE1E6F4E3E00330697 /* IOS-FirstApp.app */,
				70CBD6D21E6F4E3E00330697 /* IOS-FirstAppTests.xctest */,
				70CBD6DD1E6F4E3E00330697 /* IOS-FirstAppUITests.xctest */,
			);
			name = Products;
			sourceTree = "<group>";
		};
		70CBD6C01E6F4E3E00330697 /* IOS-FirstApp */ = {
			isa = PBXGroup;
			children = (
				70CBD6C11E6F4E3E00330697 /* AppDelegate.swift */,
				70CBD6C31E6F4E3E00330697 /* ViewController.swift */,
				70CBD6C51E6F4E3E00330697 /* Main.storyboard */,
				70CBD6C81E6F4E3E00330697 /* Assets.xcassets */,
				70CBD6CA1E6F4E3E00330697 /* LaunchScreen.storyboard */,
				70CBD6CD1E6F4E3E00330697 /* Info.plist */,
				70CBD6EF1E6F561400330697 /* AppeGuidedTour.playground */,
				708AB44A1E7208A100134AA8 /* Katas.playground */,
			);
			path = "IOS-FirstApp";
			sourceTree = "<group>";
		};
		70CBD6D51E6F4E3E00330697 /* IOS-FirstAppTests */ = {
			isa = PBXGroup;
			children = (
				70CBD6D61E6F4E3E00330697 /* IOS_FirstAppTests.swift */,
				70CBD6D81E6F4E3E00330697 /* Info.plist */,
			);
			path = "IOS-FirstAppTests";
			sourceTree = "<group>";
		};
		70CBD6E01E6F4E3E00330697 /* IOS-FirstAppUITests */ = {
			isa = PBXGroup;
			children = (
				70CBD6E11E6F4E3E00330697 /* IOS_FirstAppUITests.swift */,
				70CBD6E31E6F4E3E00330697 /* Info.plist */,
			);
			path = "IOS-FirstAppUITests";
			sourceTree = "<group>";
		};
/* End PBXGroup section */

/* Begin PBXNativeTarget section */
		70CBD6BD1E6F4E3E00330697 /* IOS-FirstApp */ = {
			isa = PBXNativeTarget;
			buildConfigurationList = 70CBD6E61E6F4E3E00330697 /* Build configuration list for PBXNativeTarget "IOS-FirstApp" */;
			buildPhases = (
				70CBD6BA1E6F4E3E00330697 /* Sources */,
				70CBD6BB1E6F4E3E00330697 /* Frameworks */,
				70CBD6BC1E6F4E3E00330697 /* Resources */,
			);
			buildRules = (
			);
			dependencies = (
			);
			name = "IOS-FirstApp";
			productName = "IOS-FirstApp";
			productReference = 70CBD6BE1E6F4E3E00330697 /* IOS-FirstApp.app */;
			productType = "com.apple.product-type.application";
		};
		70CBD6D11E6F4E3E00330697 /* IOS-FirstAppTests */ = {
			isa = PBXNativeTarget;
			buildConfigurationList = 70CBD6E91E6F4E3E00330697 /* Build configuration list for PBXNativeTarget "IOS-FirstAppTests" */;
			buildPhases = (
				70CBD6CE1E6F4E3E00330697 /* Sources */,
				70CBD6CF1E6F4E3E00330697 /* Frameworks */,
				70CBD6D01E6F4E3E00330697 /* Resources */,
			);
			buildRules = (
			);
			dependencies = (
				70CBD6D41E6F4E3E00330697 /* PBXTargetDependency */,
			);
			name = "IOS-FirstAppTests";
			productName = "IOS-FirstAppTests";
			productReference = 70CBD6D21E6F4E3E00330697 /* IOS-FirstAppTests.xctest */;
			productType = "com.apple.product-type.bundle.unit-test";
		};
		70CBD6DC1E6F4E3E00330697 /* IOS-FirstAppUITests */ = {
			isa = PBXNativeTarget;
			buildConfigurationList = 70CBD6EC1E6F4E3E00330697 /* Build configuration list for PBXNativeTarget "IOS-FirstAppUITests" */;
			buildPhases = (
				70CBD6D91E6F4E3E00330697 /* Sources */,
				70CBD6DA1E6F4E3E00330697 /* Frameworks */,
				70CBD6DB1E6F4E3E00330697 /* Resources */,
			);
			buildRules = (
			);
			dependencies = (
				70CBD6DF1E6F4E3E00330697 /* PBXTargetDependency */,
			);
			name = "IOS-FirstAppUITests";
			productName = "IOS-FirstAppUITests";
			productReference = 70CBD6DD1E6F4E3E00330697 /* IOS-FirstAppUITests.xctest */;
			productType = "com.apple.product-type.bundle.ui-testing";
		};
/* End PBXNativeTarget section */

/* Begin PBXProject section */
		70CBD6B61E6F4E3E00330697 /* Project object */ = {
			isa = PBXProject;
			attributes = {
				LastSwiftUpdateCheck = 0820;
				LastUpgradeCheck = 0820;
				ORGANIZATIONNAME = josecuentas;
				TargetAttributes = {
					70CBD6BD1E6F4E3E00330697 = {
						CreatedOnToolsVersion = 8.2.1;
						DevelopmentTeam = YWA2P763JG;
						ProvisioningStyle = Automatic;
					};
					70CBD6D11E6F4E3E00330697 = {
						CreatedOnToolsVersion = 8.2.1;
						ProvisioningStyle = Automatic;
						TestTargetID = 70CBD6BD1E6F4E3E00330697;
					};
					70CBD6DC1E6F4E3E00330697 = {
						CreatedOnToolsVersion = 8.2.1;
						ProvisioningStyle = Automatic;
						TestTargetID = 70CBD6BD1E6F4E3E00330697;
					};
				};
			};
			buildConfigurationList = 70CBD6B91E6F4E3E00330697 /* Build configuration list for PBXProject "IOS-FirstApp" */;
			compatibilityVersion = "Xcode 3.2";
			developmentRegion = English;
			hasScannedForEncodings = 0;
			knownRegions = (
				en,
				Base,
			);
			mainGroup = 70CBD6B51E6F4E3E00330697;
			productRefGroup = 70CBD6BF1E6F4E3E00330697 /* Products */;
			projectDirPath = "";
			projectRoot = "";
			targets = (
				70CBD6BD1E6F4E3E00330697 /* IOS-FirstApp */,
				70CBD6D11E6F4E3E00330697 /* IOS-FirstAppTests */,
				70CBD6DC1E6F4E3E00330697 /* IOS-FirstAppUITests */,
			);
		};
/* End PBXProject section */

/* Begin PBXResourcesBuildPhase section */
		70CBD6BC1E6F4E3E00330697 /* Resources */ = {
			isa = PBXResourcesBuildPhase;
			buildActionMask = 2147483647;
			files = (
				70CBD6CC1E6F4E3E00330697 /* LaunchScreen.storyboard in Resources */,
				70CBD6C91E6F4E3E00330697 /* Assets.xcassets in Resources */,
				70CBD6C71E6F4E3E00330697 /* Main.storyboard in Resources */,
			);
			runOnlyForDeploymentPostprocessing = 0;
		};
		70CBD6D01E6F4E3E00330697 /* Resources */ = {
			isa = PBXResourcesBuildPhase;
			buildActionMask = 2147483647;
			files = (
			);
			runOnlyForDeploymentPostprocessing = 0;
		};
		70CBD6DB1E6F4E3E00330697 /* Resources */ = {
			isa = PBXResourcesBuildPhase;
			buildActionMask = 2147483647;
			files = (
			);
			runOnlyForDeploymentPostprocessing = 0;
		};
/* End PBXResourcesBuildPhase section */

/* Begin PBXSourcesBuildPhase section */
		70CBD6BA1E6F4E3E00330697 /* Sources */ = {
			isa = PBXSourcesBuildPhase;
			buildActionMask = 2147483647;
			files = (
				70CBD6C41E6F4E3E00330697 /* ViewController.swift in Sources */,
				70CBD6C21E6F4E3E00330697 /* AppDelegate.swift in Sources */,
			);
			runOnlyForDeploymentPostprocessing = 0;
		};
		70CBD6CE1E6F4E3E00330697 /* Sources */ = {
			isa = PBXSourcesBuildPhase;
			buildActionMask = 2147483647;
			files = (
				70CBD6D71E6F4E3E00330697 /* IOS_FirstAppTests.swift in Sources */,
			);
			runOnlyForDeploymentPostprocessing = 0;
		};
		70CBD6D91E6F4E3E00330697 /* Sources */ = {
			isa = PBXSourcesBuildPhase;
			buildActionMask = 2147483647;
			files = (
				70CBD6E21E6F4E3E00330697 /* IOS_FirstAppUITests.swift in Sources */,
			);
			runOnlyForDeploymentPostprocessing = 0;
		};
/* End PBXSourcesBuildPhase section */

/* Begin PBXTargetDependency section */
		70CBD6D41E6F4E3E00330697 /* PBXTargetDependency */ = {
			isa = PBXTargetDependency;
			target = 70CBD6BD1E6F4E3E00330697 /* IOS-FirstApp */;
			targetProxy = 70CBD6D31E6F4E3E00330697 /* PBXContainerItemProxy */;
		};
		70CBD6DF1E6F4E3E00330697 /* PBXTargetDependency */ = {
			isa = PBXTargetDependency;
			target = 70CBD6BD1E6F4E3E00330697 /* IOS-FirstApp */;
			targetProxy = 70CBD6DE1E6F4E3E00330697 /* PBXContainerItemProxy */;
		};
/* End PBXTargetDependency section */

/* Begin PBXVariantGroup section */
		70CBD6C51E6F4E3E00330697 /* Main.storyboard */ = {
			isa = PBXVariantGroup;
			children = (
				70CBD6C61E6F4E3E00330697 /* Base */,
			);
			name = Main.storyboard;
			sourceTree = "<group>";
		};
		70CBD6CA1E6F4E3E00330697 /* LaunchScreen.storyboard */ = {
			isa = PBXVariantGroup;
			children = (
				70CBD6CB1E6F4E3E00330697 /* Base */,
			);
			name = LaunchScreen.storyboard;
			sourceTree = "<group>";
		};
/* End PBXVariantGroup section */

/* Begin XCBuildConfiguration section */
		70CBD6E41E6F4E3E00330697 /* Debug */ = {
			isa = XCBuildConfiguration;
			buildSettings = {
				ALWAYS_SEARCH_USER_PATHS = NO;
				CLANG_ANALYZER_NONNULL = YES;
				CLANG_CXX_LANGUAGE_STANDARD = "gnu++0x";
				CLANG_CXX_LIBRARY = "libc++";
				CLANG_ENABLE_MODULES = YES;
				CLANG_ENABLE_OBJC_ARC = YES;
				CLANG_WARN_BOOL_CONVERSION = YES;
				CLANG_WARN_CONSTANT_CONVERSION = YES;
				CLANG_WARN_DIRECT_OBJC_ISA_USAGE = YES_ERROR;
				CLANG_WARN_DOCUMENTATION_COMMENTS = YES;
				CLANG_WARN_EMPTY_BODY = YES;
				CLANG_WARN_ENUM_CONVERSION = YES;
				CLANG_WARN_INFINITE_RECURSION = YES;
				CLANG_WARN_INT_CONVERSION = YES;
				CLANG_WARN_OBJC_ROOT_CLASS = YES_ERROR;
				CLANG_WARN_SUSPICIOUS_MOVE = YES;
				CLANG_WARN_UNREACHABLE_CODE = YES;
				CLANG_WARN__DUPLICATE_METHOD_MATCH = YES;
				"CODE_SIGN_IDENTITY[sdk=iphoneos*]" = "iPhone Developer";
				COPY_PHASE_STRIP = NO;
				DEBUG_INFORMATION_FORMAT = dwarf;
				ENABLE_STRICT_OBJC_MSGSEND = YES;
				ENABLE_TESTABILITY = YES;
				GCC_C_LANGUAGE_STANDARD = gnu99;
				GCC_DYNAMIC_NO_PIC = NO;
				GCC_NO_COMMON_BLOCKS = YES;
				GCC_OPTIMIZATION_LEVEL = 0;
				GCC_PREPROCESSOR_DEFINITIONS = (
					"DEBUG=1",
					"$(inherited)",
				);
				GCC_WARN_64_TO_32_BIT_CONVERSION = YES;
				GCC_WARN_ABOUT_RETURN_TYPE = YES_ERROR;
				GCC_WARN_UNDECLARED_SELECTOR = YES;
				GCC_WARN_UNINITIALIZED_AUTOS = YES_AGGRESSIVE;
				GCC_WARN_UNUSED_FUNCTION = YES;
				GCC_WARN_UNUSED_VARIABLE = YES;
				IPHONEOS_DEPLOYMENT_TARGET = 10.2;
				MTL_ENABLE_DEBUG_INFO = YES;
				ONLY_ACTIVE_ARCH = YES;
				SDKROOT = iphoneos;
				SWIFT_ACTIVE_COMPILATION_CONDITIONS = DEBUG;
				SWIFT_OPTIMIZATION_LEVEL = "-Onone";
			};
			name = Debug;
		};
		70CBD6E51E6F4E3E00330697 /* Release */ = {
			isa = XCBuildConfiguration;
			buildSettings = {
				ALWAYS_SEARCH_USER_PATHS = NO;
				CLANG_ANALYZER_NONNULL = YES;
				CLANG_CXX_LANGUAGE_STANDARD = "gnu++0x";
				CLANG_CXX_LIBRARY = "libc++";
				CLANG_ENABLE_MODULES = YES;
				CLANG_ENABLE_OBJC_ARC = YES;
				CLANG_WARN_BOOL_CONVERSION = YES;
				CLANG_WARN_CONSTANT_CONVERSION = YES;
				CLANG_WARN_DIRECT_OBJC_ISA_USAGE = YES_ERROR;
				CLANG_WARN_DOCUMENTATION_COMMENTS = YES;
				CLANG_WARN_EMPTY_BODY = YES;
				CLANG_WARN_ENUM_CONVERSION = YES;
				CLANG_WARN_INFINITE_RECURSION = YES;
				CLANG_WARN_INT_CONVERSION = YES;
				CLANG_WARN_OBJC_ROOT_CLASS = YES_ERROR;
				CLANG_WARN_SUSPICIOUS_MOVE = YES;
				CLANG_WARN_UNREACHABLE_CODE = YES;
				CLANG_WARN__DUPLICATE_METHOD_MATCH = YES;
				"CODE_SIGN_IDENTITY[sdk=iphoneos*]" = "iPhone Developer";
				COPY_PHASE_STRIP = NO;
				DEBUG_INFORMATION_FORMAT = "dwarf-with-dsym";
				ENABLE_NS_ASSERTIONS = NO;
				ENABLE_STRICT_OBJC_MSGSEND = YES;
				GCC_C_LANGUAGE_STANDARD = gnu99;
				GCC_NO_COMMON_BLOCKS = YES;
				GCC_WARN_64_TO_32_BIT_CONVERSION = YES;
				GCC_WARN_ABOUT_RETURN_TYPE = YES_ERROR;
				GCC_WARN_UNDECLARED_SELECTOR = YES;
				GCC_WARN_UNINITIALIZED_AUTOS = YES_AGGRESSIVE;
				GCC_WARN_UNUSED_FUNCTION = YES;
				GCC_WARN_UNUSED_VARIABLE = YES;
				IPHONEOS_DEPLOYMENT_TARGET = 10.2;
				MTL_ENABLE_DEBUG_INFO = NO;
				SDKROOT = iphoneos;
				SWIFT_OPTIMIZATION_LEVEL = "-Owholemodule";
				VALIDATE_PRODUCT = YES;
			};
			name = Release;
		};
		70CBD6E71E6F4E3E00330697 /* Debug */ = {
			isa = XCBuildConfiguration;
			buildSettings = {
				ASSETCATALOG_COMPILER_APPICON_NAME = AppIcon;
				DEVELOPMENT_TEAM = YWA2P763JG;
				INFOPLIST_FILE = "IOS-FirstApp/Info.plist";
				LD_RUNPATH_SEARCH_PATHS = "$(inherited) @executable_path/Frameworks";
				PRODUCT_BUNDLE_IDENTIFIER = "com.josecuentas.IOS-FirstApp";
				PRODUCT_NAME = "$(TARGET_NAME)";
				SWIFT_VERSION = 3.0;
			};
			name = Debug;
		};
		70CBD6E81E6F4E3E00330697 /* Release */ = {
			isa = XCBuildConfiguration;
			buildSettings = {
				ASSETCATALOG_COMPILER_APPICON_NAME = AppIcon;
				DEVELOPMENT_TEAM = YWA2P763JG;
				INFOPLIST_FILE = "IOS-FirstApp/Info.plist";
				LD_RUNPATH_SEARCH_PATHS = "$(inherited) @executable_path/Frameworks";
				PRODUCT_BUNDLE_IDENTIFIER = "com.josecuentas.IOS-FirstApp";
				PRODUCT_NAME = "$(TARGET_NAME)";
				SWIFT_VERSION = 3.0;
			};
			name = Release;
		};
		70CBD6EA1E6F4E3E00330697 /* Debug */ = {
			isa = XCBuildConfiguration;
			buildSettings = {
				ALWAYS_EMBED_SWIFT_STANDARD_LIBRARIES = YES;
				BUNDLE_LOADER = "$(TEST_HOST)";
				INFOPLIST_FILE = "IOS-FirstAppTests/Info.plist";
				LD_RUNPATH_SEARCH_PATHS = "$(inherited) @executable_path/Frameworks @loader_path/Frameworks";
				PRODUCT_BUNDLE_IDENTIFIER = "com.josecuentas.IOS-FirstAppTests";
				PRODUCT_NAME = "$(TARGET_NAME)";
				SWIFT_VERSION = 3.0;
				TEST_HOST = "$(BUILT_PRODUCTS_DIR)/IOS-FirstApp.app/IOS-FirstApp";
			};
			name = Debug;
		};
		70CBD6EB1E6F4E3E00330697 /* Release */ = {
			isa = XCBuildConfiguration;
			buildSettings = {
				ALWAYS_EMBED_SWIFT_STANDARD_LIBRARIES = YES;
				BUNDLE_LOADER = "$(TEST_HOST)";
				INFOPLIST_FILE = "IOS-FirstAppTests/Info.plist";
				LD_RUNPATH_SEARCH_PATHS = "$(inherited) @executable_path/Frameworks @loader_path/Frameworks";
				PRODUCT_BUNDLE_IDENTIFIER = "com.josecuentas.IOS-FirstAppTests";
				PRODUCT_NAME = "$(TARGET_NAME)";
				SWIFT_VERSION = 3.0;
				TEST_HOST = "$(BUILT_PRODUCTS_DIR)/IOS-FirstApp.app/IOS-FirstApp";
			};
			name = Release;
		};
		70CBD6ED1E6F4E3E00330697 /* Debug */ = {
			isa = XCBuildConfiguration;
			buildSettings = {
				ALWAYS_EMBED_SWIFT_STANDARD_LIBRARIES = YES;
				INFOPLIST_FILE = "IOS-FirstAppUITests/Info.plist";
				LD_RUNPATH_SEARCH_PATHS = "$(inherited) @executable_path/Frameworks @loader_path/Frameworks";
				PRODUCT_BUNDLE_IDENTIFIER = "com.josecuentas.IOS-FirstAppUITests";
				PRODUCT_NAME = "$(TARGET_NAME)";
				SWIFT_VERSION = 3.0;
				TEST_TARGET_NAME = "IOS-FirstApp";
			};
			name = Debug;
		};
		70CBD6EE1E6F4E3E00330697 /* Release */ = {
			isa = XCBuildConfiguration;
			buildSettings = {
				ALWAYS_EMBED_SWIFT_STANDARD_LIBRARIES = YES;
				INFOPLIST_FILE = "IOS-FirstAppUITests/Info.plist";
				LD_RUNPATH_SEARCH_PATHS = "$(inherited) @executable_path/Frameworks @loader_path/Frameworks";
				PRODUCT_BUNDLE_IDENTIFIER = "com.josecuentas.IOS-FirstAppUITests";
				PRODUCT_NAME = "$(TARGET_NAME)";
				SWIFT_VERSION = 3.0;
				TEST_TARGET_NAME = "IOS-FirstApp";
			};
			name = Release;
		};
/* End XCBuildConfiguration section */

/* Begin XCConfigurationList section */
		70CBD6B91E6F4E3E00330697 /* Build configuration list for PBXProject "IOS-FirstApp" */ = {
			isa = XCConfigurationList;
			buildConfigurations = (
				70CBD6E41E6F4E3E00330697 /* Debug */,
				70CBD6E51E6F4E3E00330697 /* Release */,
			);
			defaultConfigurationIsVisible = 0;
			defaultConfigurationName = Release;
		};
		70CBD6E61E6F4E3E00330697 /* Build configuration list for PBXNativeTarget "IOS-FirstApp" */ = {
			isa = XCConfigurationList;
			buildConfigurations = (
				70CBD6E71E6F4E3E00330697 /* Debug */,
				70CBD6E81E6F4E3E00330697 /* Release */,
			);
			defaultConfigurationIsVisible = 0;
			defaultConfigurationName = Release;
		};
		70CBD6E91E6F4E3E00330697 /* Build configuration list for PBXNativeTarget "IOS-FirstAppTests" */ = {
			isa = XCConfigurationList;
			buildConfigurations = (
				70CBD6EA1E6F4E3E00330697 /* Debug */,
				70CBD6EB1E6F4E3E00330697 /* Release */,
			);
			defaultConfigurationIsVisible = 0;
			defaultConfigurationName = Release;
		};
		70CBD6EC1E6F4E3E00330697 /* Build configuration list for PBXNativeTarget "IOS-FirstAppUITests" */ = {
			isa = XCConfigurationList;
			buildConfigurations = (
				70CBD6ED1E6F4E3E00330697 /* Debug */,
				70CBD6EE1E6F4E3E00330697 /* Release */,
			);
			defaultConfigurationIsVisible = 0;
			defaultConfigurationName = Release;
		};
/* End XCConfigurationList section */
	};
	rootObject = 70CBD6B61E6F4E3E00330697 /* Project object */;
}
